
Microsoft Visual Studio Solution File, Format Version 11.00
# Visual Studio 2010
Project("{F2A71F9B-5D33-465A-A702-920D77279786}") = "OnFileChange", "OnFileChange.fsproj", "{78491FE9-F65D-4217-80E3-7AB44AF700E0}"
EndProject
Global
	GlobalSection(SolutionConfigurationPlatforms) = preSolution
		Debug|x86 = Debug|x86
		Release|x86 = Release|x86
	EndGlobalSection
	GlobalSection(ProjectConfigurationPlatforms) = postSolution
		{78491FE9-F65D-4217-80E3-7AB44AF700E0}.Debug|x86.ActiveCfg = Debug|x86
		{78491FE9-F65D-4217-80E3-7AB44AF700E0}.Debug|x86.Build.0 = Debug|x86
		{78491FE9-F65D-4217-80E3-7AB44AF700E0}.Release|x86.ActiveCfg = Release|x86
		{78491FE9-F65D-4217-80E3-7AB44AF700E0}.Release|x86.Build.0 = Release|x86
	EndGlobalSection
	GlobalSection(SolutionProperties) = preSolution
		HideSolutionNode = FALSE
	EndGlobalSection
EndGlobal
